{
    "hash": "1fe5fbea42fbf447f8196ac06b6b36b4",
    "packages": [
        {
            "name": "kostajh/activeCollabAPI",
            "version": "dev-master",
            "source": {
                "type": "git",
                "url": "https://github.com/kostajh/activeCollabAPI",
                "reference": "f23cd28df4531d0b18f5eac0c34912357007a052"
            },
            "dist": {
                "type": "zip",
                "url": "https://github.com/kostajh/activeCollabAPI/zipball/f23cd28df4531d0b18f5eac0c34912357007a052",
                "reference": "f23cd28df4531d0b18f5eac0c34912357007a052",
                "shasum": ""
            },
            "time": "1351461416",
            "type": "library",
            "installation-source": "source",
            "autoload": {
                "psr-0": {
                    "activeCollabAPI": "src/"
                }
            },
            "support": {
                "source": "https://github.com/kostajh/activeCollabAPI/tree/master",
                "issues": "https://github.com/kostajh/activeCollabAPI/issues"
            }
        },
        {
            "name": "symfony/console",
            "version": "v2.1.2",
            "target-dir": "Symfony/Component/Console",
            "source": {
                "type": "git",
                "url": "https://github.com/symfony/Console",
                "reference": "v2.1.0-RC2"
            },
            "dist": {
                "type": "zip",
                "url": "https://github.com/symfony/Console/zipball/v2.1.0-RC2",
                "reference": "v2.1.0-RC2",
                "shasum": ""
            },
            "require": {
                "php": ">=5.3.3"
            },
            "time": "2012-08-22 06:48:41",
            "type": "library",
            "extra": {
                "branch-alias": {
                    "dev-master": "2.1-dev"
                }
            },
            "installation-source": "dist",
            "autoload": {
                "psr-0": {
                    "Symfony\\Component\\Console": ""
                }
            },
            "license": [
                "MIT"
            ],
            "authors": [
                {
                    "name": "Fabien Potencier",
                    "email": "fabien@symfony.com"
                },
                {
                    "name": "Symfony Community",
                    "homepage": "http://symfony.com/contributors"
                }
            ],
            "description": "Symfony Console Component",
            "homepage": "http://symfony.com"
        }
    ],
    "packages-dev": null,
    "aliases": [

    ],
    "minimum-stability": "stable",
    "stability-flags": {
        "kostajh/activecollabapi": 20
    }
}
