{
    "hash": "24988e9bb49c51e983b0689f0be10316",
    "packages": [
        {
            "name": "kostajh/activeCollabAPI",
            "version": "dev-json",
            "source": {
                "type": "git",
                "url": "https://github.com/kostajh/activeCollabAPI",
                "reference": "d048ed3aa4a8964144b57d80549d5c870f13570a"
            },
            "dist": {
                "type": "zip",
                "url": "https://github.com/kostajh/activeCollabAPI/zipball/d048ed3aa4a8964144b57d80549d5c870f13570a",
                "reference": "d048ed3aa4a8964144b57d80549d5c870f13570a",
                "shasum": ""
            },
            "time": "1351605331",
            "type": "library",
            "installation-source": "source",
            "autoload": {
                "psr-0": {
                    "activeCollabAPI": "src"
                }
            },
            "license": [
                "GPL"
            ],
            "authors": [
                {
                    "name": "Kosta Harlan",
                    "email": "kostajh@gmail.com",
                    "homepage": "http://kostaharlan.net",
                    "role": "Developer"
                }
            ],
            "description": "PHP wrappers for interacting with activeCollab API.",
            "homepage": "http://github.com/kostajh/activeCollabAPI",
            "keywords": [
                "activeCollab"
            ],
            "support": {
                "source": "https://github.com/kostajh/activeCollabAPI/tree/json",
                "issues": "https://github.com/kostajh/activeCollabAPI/issues"
            }
        },
        {
            "name": "symfony/console",
            "version": "v2.1.3",
            "target-dir": "Symfony/Component/Console",
            "source": {
                "type": "git",
                "url": "https://github.com/symfony/Console",
                "reference": "v2.1.3"
            },
            "dist": {
                "type": "zip",
                "url": "https://github.com/symfony/Console/zipball/v2.1.3",
                "reference": "v2.1.3",
                "shasum": ""
            },
            "require": {
                "php": ">=5.3.3"
            },
            "time": "2012-10-22 07:37:12",
            "type": "library",
            "extra": {
                "branch-alias": {
                    "dev-master": "2.1-dev"
                }
            },
            "installation-source": "dist",
            "autoload": {
                "psr-0": {
                    "Symfony\\Component\\Console": ""
                }
            },
            "license": [
                "MIT"
            ],
            "authors": [
                {
                    "name": "Fabien Potencier",
                    "email": "fabien@symfony.com"
                },
                {
                    "name": "Symfony Community",
                    "homepage": "http://symfony.com/contributors"
                }
            ],
            "description": "Symfony Console Component",
            "homepage": "http://symfony.com"
        }
    ],
    "packages-dev": null,
    "aliases": [

    ],
    "minimum-stability": "stable",
    "stability-flags": {
        "kostajh/activecollabapi": 20
    }
}
