{
    "hash": "24988e9bb49c51e983b0689f0be10316",
    "packages": [
        {
            "name": "kostajh/activeCollabAPI",
            "version": "dev-json",
            "source": {
                "type": "git",
                "url": "https://github.com/kostajh/activeCollabAPI",
                "reference": "12945fb20b5c02355a3eff854d77fb174675bf7b"
            },
            "dist": {
                "type": "zip",
                "url": "https://github.com/kostajh/activeCollabAPI/zipball/12945fb20b5c02355a3eff854d77fb174675bf7b",
                "reference": "12945fb20b5c02355a3eff854d77fb174675bf7b",
                "shasum": ""
            },
            "time": "1351562219",
            "type": "library",
            "installation-source": "source",
            "autoload": {
                "psr-0": {
                    "activeCollabAPI": "src/"
                }
            },
            "support": {
                "source": "https://github.com/kostajh/activeCollabAPI/tree/json",
                "issues": "https://github.com/kostajh/activeCollabAPI/issues"
            }
        },
        {
            "name": "symfony/console",
            "version": "v2.1.2",
            "target-dir": "Symfony/Component/Console",
            "source": {
                "type": "git",
                "url": "https://github.com/symfony/Console",
                "reference": "v2.1.0-RC2"
            },
            "dist": {
                "type": "zip",
                "url": "https://github.com/symfony/Console/zipball/v2.1.0-RC2",
                "reference": "v2.1.0-RC2",
                "shasum": ""
            },
            "require": {
                "php": ">=5.3.3"
            },
            "time": "2012-08-22 06:48:41",
            "type": "library",
            "extra": {
                "branch-alias": {
                    "dev-master": "2.1-dev"
                }
            },
            "installation-source": "dist",
            "autoload": {
                "psr-0": {
                    "Symfony\\Component\\Console": ""
                }
            },
            "license": [
                "MIT"
            ],
            "authors": [
                {
                    "name": "Fabien Potencier",
                    "email": "fabien@symfony.com"
                },
                {
                    "name": "Symfony Community",
                    "homepage": "http://symfony.com/contributors"
                }
            ],
            "description": "Symfony Console Component",
            "homepage": "http://symfony.com"
        }
    ],
    "packages-dev": null,
    "aliases": [

    ],
    "minimum-stability": "stable",
    "stability-flags": {
        "kostajh/activecollabapi": 20
    }
}
